version = 1
revision = 3
requires-python = ">=3.11"

[[package]]
name = "kurigram"
version = "2.2.19"
source = { git = "https://github.com/KurimuzonAkuma/kurigram#45eda84b9ecaedacf453822892a281193ea003a0" }
dependencies = [
    { name = "pyaes" },
    { name = "python-socks" },
]

[[package]]
name = "kurimod"
version = "3.4.0"
source = { editable = "." }
dependencies = [
    { name = "kurigram" },
    { name = "pyaes" },
    { name = "python-socks" },
]

[package.metadata]
requires-dist = [
    { name = "kurigram", git = "https://github.com/KurimuzonAkuma/kurigram" },
    { name = "pyaes", specifier = ">=1.6.1" },
    { name = "python-socks", specifier = ">=2.8.1" },
]

[[package]]
name = "pyaes"
version = "1.6.1"
source = { registry = "https://pypi.org/simple" }
sdist = { url = "https://files.pythonhosted.org/packages/44/66/2c17bae31c906613795711fc78045c285048168919ace2220daa372c7d72/pyaes-1.6.1.tar.gz", hash = "sha256:02c1b1405c38d3c370b085fb952dd8bea3fadcee6411ad99f312cc129c536d8f", size = 28536, upload-time = "2017-09-20T21:17:54.23Z" }

[[package]]
name = "python-socks"
version = "2.8.1"
source = { registry = "https://pypi.org/simple" }
sdist = { url = "https://files.pythonhosted.org/packages/36/0b/cd77011c1bc01b76404f7aba07fca18aca02a19c7626e329b40201217624/python_socks-2.8.1.tar.gz", hash = "sha256:698daa9616d46dddaffe65b87db222f2902177a2d2b2c0b9a9361df607ab3687", size = 38909, upload-time = "2026-02-16T05:24:00.745Z" }
wheels = [
    { url = "https://files.pythonhosted.org/packages/15/fe/9a58cb6eec633ff6afae150ca53c16f8cc8b65862ccb3d088051efdfceb7/python_socks-2.8.1-py3-none-any.whl", hash = "sha256:28232739c4988064e725cdbcd15be194743dd23f1c910f784163365b9d7be035", size = 55087, upload-time = "2026-02-16T05:23:59.147Z" },
]
